
Microsoft Visual Studio Solution File, Format Version 11.00
# Visual Studio 2010
Project("{FAE04EC0-301F-11D3-BF4B-00C04F79EFBC}") = "Assembly-CSharp", "Assembly-CSharp.csproj", "{448956a4-40ba-6c9a-aba4-67989d3ceca0}"
EndProject
Project("{FAE04EC0-301F-11D3-BF4B-00C04F79EFBC}") = "AmplifyShaderEditor", "AmplifyShaderEditor.csproj", "{637a609c-2cc2-613b-f44c-3da56f68b392}"
EndProject
Project("{FAE04EC0-301F-11D3-BF4B-00C04F79EFBC}") = "URPGlitch", "URPGlitch.csproj", "{a0fabf5c-4558-a77f-590a-70a813c05305}"
EndProject
Project("{FAE04EC0-301F-11D3-BF4B-00C04F79EFBC}") = "Assembly-CSharp-Editor", "Assembly-CSharp-Editor.csproj", "{7d3e2d9d-8c58-64a4-2d31-6ad62b86540a}"
EndProject
Global
	GlobalSection(SolutionConfigurationPlatforms) = preSolution
		Debug|Any CPU = Debug|Any CPU
	EndGlobalSection
	GlobalSection(ProjectConfigurationPlatforms) = postSolution
		{448956a4-40ba-6c9a-aba4-67989d3ceca0}.Debug|Any CPU.ActiveCfg = Debug|Any CPU
		{448956a4-40ba-6c9a-aba4-67989d3ceca0}.Debug|Any CPU.Build.0 = Debug|Any CPU
		{637a609c-2cc2-613b-f44c-3da56f68b392}.Debug|Any CPU.ActiveCfg = Debug|Any CPU
		{637a609c-2cc2-613b-f44c-3da56f68b392}.Debug|Any CPU.Build.0 = Debug|Any CPU
		{a0fabf5c-4558-a77f-590a-70a813c05305}.Debug|Any CPU.ActiveCfg = Debug|Any CPU
		{a0fabf5c-4558-a77f-590a-70a813c05305}.Debug|Any CPU.Build.0 = Debug|Any CPU
		{7d3e2d9d-8c58-64a4-2d31-6ad62b86540a}.Debug|Any CPU.ActiveCfg = Debug|Any CPU
		{7d3e2d9d-8c58-64a4-2d31-6ad62b86540a}.Debug|Any CPU.Build.0 = Debug|Any CPU
	EndGlobalSection
	GlobalSection(SolutionProperties) = preSolution
		HideSolutionNode = FALSE
	EndGlobalSection
EndGlobal
